// !$*UTF8*$!
{
	archiveVersion = 1;
	classes = {
	};
	objectVersion = 56;
	objects = {

/* Begin PBXBuildFile section */
		031D5BD4299A41FA00E54F6D /* FriendViewController.swift in Sources */ = {isa = PBXBuildFile; fileRef = 031D5BD3299A41FA00E54F6D /* FriendViewController.swift */; };
		031D5BD6299A424100E54F6D /* MyProfileViewController.swift in Sources */ = {isa = PBXBuildFile; fileRef = 031D5BD5299A424100E54F6D /* MyProfileViewController.swift */; };
		032B57B629927FE8000678D9 /* AppDelegate.swift in Sources */ = {isa = PBXBuildFile; fileRef = 032B57B529927FE8000678D9 /* AppDelegate.swift */; };
		032B57B829927FE8000678D9 /* SceneDelegate.swift in Sources */ = {isa = PBXBuildFile; fileRef = 032B57B729927FE8000678D9 /* SceneDelegate.swift */; };
		032B57BA29927FE8000678D9 /* SignInViewController.swift in Sources */ = {isa = PBXBuildFile; fileRef = 032B57B929927FE8000678D9 /* SignInViewController.swift */; };
		032B57BF29927FE9000678D9 /* Assets.xcassets in Resources */ = {isa = PBXBuildFile; fileRef = 032B57BE29927FE9000678D9 /* Assets.xcassets */; };
		032B57C229927FE9000678D9 /* LaunchScreen.storyboard in Resources */ = {isa = PBXBuildFile; fileRef = 032B57C029927FE9000678D9 /* LaunchScreen.storyboard */; };
		032B57CD29928386000678D9 /* SnapKit in Frameworks */ = {isa = PBXBuildFile; productRef = 032B57CC29928386000678D9 /* SnapKit */; };
		032B57D0299283A9000678D9 /* Then in Frameworks */ = {isa = PBXBuildFile; productRef = 032B57CF299283A9000678D9 /* Then */; };
		032B57D629928AA7000678D9 /* UIView +.swift in Sources */ = {isa = PBXBuildFile; fileRef = 032B57D529928AA7000678D9 /* UIView +.swift */; };
		032B57D829929266000678D9 /* Main.storyboard in Resources */ = {isa = PBXBuildFile; fileRef = 032B57D729929266000678D9 /* Main.storyboard */; };
		032B57DA29929D2B000678D9 /* SignInTextFieldView.swift in Sources */ = {isa = PBXBuildFile; fileRef = 032B57D929929D2B000678D9 /* SignInTextFieldView.swift */; };
		036C0AC729B9EAF100BC6531 /* UITabBar +.swift in Sources */ = {isa = PBXBuildFile; fileRef = 036C0AC629B9EAF100BC6531 /* UITabBar +.swift */; };
		036C0ACA29B9F19100BC6531 /* AlbumViewController.swift in Sources */ = {isa = PBXBuildFile; fileRef = 036C0AC929B9F19100BC6531 /* AlbumViewController.swift */; };
		037E20E329B0FF50005327CA /* KakaoTabbarController.swift in Sources */ = {isa = PBXBuildFile; fileRef = 037E20E229B0FF50005327CA /* KakaoTabbarController.swift */; };
		037E20EB29B102DB005327CA /* ChattingViewController.swift in Sources */ = {isa = PBXBuildFile; fileRef = 037E20EA29B102DB005327CA /* ChattingViewController.swift */; };
		037E20ED29B102E5005327CA /* SharpViewController.swift in Sources */ = {isa = PBXBuildFile; fileRef = 037E20EC29B102E5005327CA /* SharpViewController.swift */; };
		037E20EF29B102ED005327CA /* ShopViewController.swift in Sources */ = {isa = PBXBuildFile; fileRef = 037E20EE29B102ED005327CA /* ShopViewController.swift */; };
		037E20F129B102F7005327CA /* SettingViewController.swift in Sources */ = {isa = PBXBuildFile; fileRef = 037E20F029B102F7005327CA /* SettingViewController.swift */; };
		037E20FA29B208CD005327CA /* FriendTableViewCell.swift in Sources */ = {isa = PBXBuildFile; fileRef = 037E20F929B208CD005327CA /* FriendTableViewCell.swift */; };
		037E20FC29B21681005327CA /* UICollectionView +.swift in Sources */ = {isa = PBXBuildFile; fileRef = 037E20FB29B21681005327CA /* UICollectionView +.swift */; };
		037E20FE29B21699005327CA /* UITableView +.swift in Sources */ = {isa = PBXBuildFile; fileRef = 037E20FD29B21699005327CA /* UITableView +.swift */; };
		037E210029B21727005327CA /* NSObject +.swift in Sources */ = {isa = PBXBuildFile; fileRef = 037E20FF29B21727005327CA /* NSObject +.swift */; };
		037E210429B21953005327CA /* FriendListModel.swift in Sources */ = {isa = PBXBuildFile; fileRef = 037E210329B21953005327CA /* FriendListModel.swift */; };
		037E210629B22872005327CA /* FriendHeaderView.swift in Sources */ = {isa = PBXBuildFile; fileRef = 037E210529B22872005327CA /* FriendHeaderView.swift */; };
		037E210829B24B29005327CA /* ChattingModel.swift in Sources */ = {isa = PBXBuildFile; fileRef = 037E210729B24B29005327CA /* ChattingModel.swift */; };
		037E210D29B24C45005327CA /* ChattingTableViewCell.swift in Sources */ = {isa = PBXBuildFile; fileRef = 037E210C29B24C45005327CA /* ChattingTableViewCell.swift */; };
		037E210F29B25199005327CA /* ChattingHeaderView.swift in Sources */ = {isa = PBXBuildFile; fileRef = 037E210E29B25199005327CA /* ChattingHeaderView.swift */; };
		0399FAD829BB553700B09048 /* AlbumCollectionViewCell.swift in Sources */ = {isa = PBXBuildFile; fileRef = 0399FAD729BB553700B09048 /* AlbumCollectionViewCell.swift */; };
		0399FADA29BB577000B09048 /* AlbumModel.swift in Sources */ = {isa = PBXBuildFile; fileRef = 0399FAD929BB577000B09048 /* AlbumModel.swift */; };
		03A1C87D29A3A09400E8428B /* ProfileButton.swift in Sources */ = {isa = PBXBuildFile; fileRef = 03A1C87C29A3A09400E8428B /* ProfileButton.swift */; };
		03B7D5D2299FA30600D31B56 /* Image.xcassets in Resources */ = {isa = PBXBuildFile; fileRef = 03B7D5D1299FA30600D31B56 /* Image.xcassets */; };
		03B7D5D5299FA43B00D31B56 /* Image.swift in Sources */ = {isa = PBXBuildFile; fileRef = 03B7D5D4299FA43B00D31B56 /* Image.swift */; };
		03B7D5D9299FAEAC00D31B56 /* Color.xcassets in Resources */ = {isa = PBXBuildFile; fileRef = 03B7D5D8299FAEAC00D31B56 /* Color.xcassets */; };
		03B7D5DB299FB0B200D31B56 /* Color.swift in Sources */ = {isa = PBXBuildFile; fileRef = 03B7D5DA299FB0B200D31B56 /* Color.swift */; };
		03D288D229CAE63800B292F3 /* GoogleService-Info.plist in Resources */ = {isa = PBXBuildFile; fileRef = 03D288D129CAE63800B292F3 /* GoogleService-Info.plist */; };
		03D288D729CAEE4700B292F3 /* Encodable +.swift in Sources */ = {isa = PBXBuildFile; fileRef = 03D288D629CAEE4700B292F3 /* Encodable +.swift */; };
		03D288DA29CAF47600B292F3 /* FirebaseFirestore in Frameworks */ = {isa = PBXBuildFile; productRef = 03D288D929CAF47600B292F3 /* FirebaseFirestore */; };
		03D288DC29CAF47600B292F3 /* FirebaseFirestoreSwift in Frameworks */ = {isa = PBXBuildFile; productRef = 03D288DB29CAF47600B292F3 /* FirebaseFirestoreSwift */; };
		03D288E129CAF54300B292F3 /* MyFirestore.swift in Sources */ = {isa = PBXBuildFile; fileRef = 03D288E029CAF54300B292F3 /* MyFirestore.swift */; };
		03D288E529CB011A00B292F3 /* TestViewController.swift in Sources */ = {isa = PBXBuildFile; fileRef = 03D288E429CB011A00B292F3 /* TestViewController.swift */; };
		03D288E929CB033600B292F3 /* Message.swift in Sources */ = {isa = PBXBuildFile; fileRef = 03D288E829CB033600B292F3 /* Message.swift */; };
		03D288EB29CB046700B292F3 /* FirestoreError.swift in Sources */ = {isa = PBXBuildFile; fileRef = 03D288EA29CB046700B292F3 /* FirestoreError.swift */; };
		03D288ED29CB267600B292F3 /* UIImageView +.swift in Sources */ = {isa = PBXBuildFile; fileRef = 03D288EC29CB267600B292F3 /* UIImageView +.swift */; };
		03D288F029CB28DE00B292F3 /* Kingfisher in Frameworks */ = {isa = PBXBuildFile; productRef = 03D288EF29CB28DE00B292F3 /* Kingfisher */; };
		03F38674299403DC003416AA /* SignUpViewController.swift in Sources */ = {isa = PBXBuildFile; fileRef = 03F38673299403DC003416AA /* SignUpViewController.swift */; };
		03F386772994095E003416AA /* WelcomeViewController.swift in Sources */ = {isa = PBXBuildFile; fileRef = 03F386762994095E003416AA /* WelcomeViewController.swift */; };
/* End PBXBuildFile section */

/* Begin PBXFileReference section */
		031D5BD3299A41FA00E54F6D /* FriendViewController.swift */ = {isa = PBXFileReference; lastKnownFileType = sourcecode.swift; path = FriendViewController.swift; sourceTree = "<group>"; };
		031D5BD5299A424100E54F6D /* MyProfileViewController.swift */ = {isa = PBXFileReference; lastKnownFileType = sourcecode.swift; path = MyProfileViewController.swift; sourceTree = "<group>"; };
		032B57B229927FE8000678D9 /* Kakao-Clone.app */ = {isa = PBXFileReference; explicitFileType = wrapper.application; includeInIndex = 0; path = "Kakao-Clone.app"; sourceTree = BUILT_PRODUCTS_DIR; };
		032B57B529927FE8000678D9 /* AppDelegate.swift */ = {isa = PBXFileReference; lastKnownFileType = sourcecode.swift; path = AppDelegate.swift; sourceTree = "<group>"; };
		032B57B729927FE8000678D9 /* SceneDelegate.swift */ = {isa = PBXFileReference; lastKnownFileType = sourcecode.swift; path = SceneDelegate.swift; sourceTree = "<group>"; };
		032B57B929927FE8000678D9 /* SignInViewController.swift */ = {isa = PBXFileReference; lastKnownFileType = sourcecode.swift; path = SignInViewController.swift; sourceTree = "<group>"; };
		032B57BE29927FE9000678D9 /* Assets.xcassets */ = {isa = PBXFileReference; lastKnownFileType = folder.assetcatalog; path = Assets.xcassets; sourceTree = "<group>"; };
		032B57C129927FE9000678D9 /* Base */ = {isa = PBXFileReference; lastKnownFileType = file.storyboard; name = Base; path = Base.lproj/LaunchScreen.storyboard; sourceTree = "<group>"; };
		032B57D529928AA7000678D9 /* UIView +.swift */ = {isa = PBXFileReference; lastKnownFileType = sourcecode.swift; path = "UIView +.swift"; sourceTree = "<group>"; };
		032B57D729929266000678D9 /* Main.storyboard */ = {isa = PBXFileReference; lastKnownFileType = file.storyboard; path = Main.storyboard; sourceTree = "<group>"; };
		032B57D929929D2B000678D9 /* SignInTextFieldView.swift */ = {isa = PBXFileReference; lastKnownFileType = sourcecode.swift; path = SignInTextFieldView.swift; sourceTree = "<group>"; };
		036C0AC629B9EAF100BC6531 /* UITabBar +.swift */ = {isa = PBXFileReference; lastKnownFileType = sourcecode.swift; path = "UITabBar +.swift"; sourceTree = "<group>"; };
		036C0AC929B9F19100BC6531 /* AlbumViewController.swift */ = {isa = PBXFileReference; lastKnownFileType = sourcecode.swift; path = AlbumViewController.swift; sourceTree = "<group>"; };
		037E20E229B0FF50005327CA /* KakaoTabbarController.swift */ = {isa = PBXFileReference; lastKnownFileType = sourcecode.swift; path = KakaoTabbarController.swift; sourceTree = "<group>"; };
		037E20EA29B102DB005327CA /* ChattingViewController.swift */ = {isa = PBXFileReference; lastKnownFileType = sourcecode.swift; path = ChattingViewController.swift; sourceTree = "<group>"; };
		037E20EC29B102E5005327CA /* SharpViewController.swift */ = {isa = PBXFileReference; lastKnownFileType = sourcecode.swift; path = SharpViewController.swift; sourceTree = "<group>"; };
		037E20EE29B102ED005327CA /* ShopViewController.swift */ = {isa = PBXFileReference; lastKnownFileType = sourcecode.swift; path = ShopViewController.swift; sourceTree = "<group>"; };
		037E20F029B102F7005327CA /* SettingViewController.swift */ = {isa = PBXFileReference; lastKnownFileType = sourcecode.swift; path = SettingViewController.swift; sourceTree = "<group>"; };
		037E20F929B208CD005327CA /* FriendTableViewCell.swift */ = {isa = PBXFileReference; lastKnownFileType = sourcecode.swift; path = FriendTableViewCell.swift; sourceTree = "<group>"; };
		037E20FB29B21681005327CA /* UICollectionView +.swift */ = {isa = PBXFileReference; lastKnownFileType = sourcecode.swift; path = "UICollectionView +.swift"; sourceTree = "<group>"; };
		037E20FD29B21699005327CA /* UITableView +.swift */ = {isa = PBXFileReference; lastKnownFileType = sourcecode.swift; path = "UITableView +.swift"; sourceTree = "<group>"; };
		037E20FF29B21727005327CA /* NSObject +.swift */ = {isa = PBXFileReference; lastKnownFileType = sourcecode.swift; path = "NSObject +.swift"; sourceTree = "<group>"; };
		037E210329B21953005327CA /* FriendListModel.swift */ = {isa = PBXFileReference; lastKnownFileType = sourcecode.swift; path = FriendListModel.swift; sourceTree = "<group>"; };
		037E210529B22872005327CA /* FriendHeaderView.swift */ = {isa = PBXFileReference; lastKnownFileType = sourcecode.swift; path = FriendHeaderView.swift; sourceTree = "<group>"; };
		037E210729B24B29005327CA /* ChattingModel.swift */ = {isa = PBXFileReference; lastKnownFileType = sourcecode.swift; path = ChattingModel.swift; sourceTree = "<group>"; };
		037E210C29B24C45005327CA /* ChattingTableViewCell.swift */ = {isa = PBXFileReference; lastKnownFileType = sourcecode.swift; path = ChattingTableViewCell.swift; sourceTree = "<group>"; };
		037E210E29B25199005327CA /* ChattingHeaderView.swift */ = {isa = PBXFileReference; lastKnownFileType = sourcecode.swift; path = ChattingHeaderView.swift; sourceTree = "<group>"; };
		0399FAD729BB553700B09048 /* AlbumCollectionViewCell.swift */ = {isa = PBXFileReference; lastKnownFileType = sourcecode.swift; path = AlbumCollectionViewCell.swift; sourceTree = "<group>"; };
		0399FAD929BB577000B09048 /* AlbumModel.swift */ = {isa = PBXFileReference; lastKnownFileType = sourcecode.swift; path = AlbumModel.swift; sourceTree = "<group>"; };
		03A1C87C29A3A09400E8428B /* ProfileButton.swift */ = {isa = PBXFileReference; lastKnownFileType = sourcecode.swift; path = ProfileButton.swift; sourceTree = "<group>"; };
		03B7D5D1299FA30600D31B56 /* Image.xcassets */ = {isa = PBXFileReference; lastKnownFileType = folder.assetcatalog; path = Image.xcassets; sourceTree = "<group>"; };
		03B7D5D4299FA43B00D31B56 /* Image.swift */ = {isa = PBXFileReference; lastKnownFileType = sourcecode.swift; path = Image.swift; sourceTree = "<group>"; };
		03B7D5D8299FAEAC00D31B56 /* Color.xcassets */ = {isa = PBXFileReference; lastKnownFileType = folder.assetcatalog; path = Color.xcassets; sourceTree = "<group>"; };
		03B7D5DA299FB0B200D31B56 /* Color.swift */ = {isa = PBXFileReference; lastKnownFileType = sourcecode.swift; path = Color.swift; sourceTree = "<group>"; };
		03D288D129CAE63800B292F3 /* GoogleService-Info.plist */ = {isa = PBXFileReference; fileEncoding = 4; lastKnownFileType = text.plist.xml; name = "GoogleService-Info.plist"; path = "../../../../../../Downloads/GoogleService-Info.plist"; sourceTree = "<group>"; };
		03D288D629CAEE4700B292F3 /* Encodable +.swift */ = {isa = PBXFileReference; lastKnownFileType = sourcecode.swift; path = "Encodable +.swift"; sourceTree = "<group>"; };
		03D288E029CAF54300B292F3 /* MyFirestore.swift */ = {isa = PBXFileReference; lastKnownFileType = sourcecode.swift; path = MyFirestore.swift; sourceTree = "<group>"; };
		03D288E429CB011A00B292F3 /* TestViewController.swift */ = {isa = PBXFileReference; lastKnownFileType = sourcecode.swift; path = TestViewController.swift; sourceTree = "<group>"; };
		03D288E829CB033600B292F3 /* Message.swift */ = {isa = PBXFileReference; lastKnownFileType = sourcecode.swift; path = Message.swift; sourceTree = "<group>"; };
		03D288EA29CB046700B292F3 /* FirestoreError.swift */ = {isa = PBXFileReference; lastKnownFileType = sourcecode.swift; path = FirestoreError.swift; sourceTree = "<group>"; };
		03D288EC29CB267600B292F3 /* UIImageView +.swift */ = {isa = PBXFileReference; lastKnownFileType = sourcecode.swift; path = "UIImageView +.swift"; sourceTree = "<group>"; };
		03F38673299403DC003416AA /* SignUpViewController.swift */ = {isa = PBXFileReference; lastKnownFileType = sourcecode.swift; path = SignUpViewController.swift; sourceTree = "<group>"; };
		03F386762994095E003416AA /* WelcomeViewController.swift */ = {isa = PBXFileReference; lastKnownFileType = sourcecode.swift; path = WelcomeViewController.swift; sourceTree = "<group>"; };
/* End PBXFileReference section */

/* Begin PBXFrameworksBuildPhase section */
		032B57AF29927FE8000678D9 /* Frameworks */ = {
			isa = PBXFrameworksBuildPhase;
			buildActionMask = 2147483647;
			files = (
				032B57CD29928386000678D9 /* SnapKit in Frameworks */,
				032B57D0299283A9000678D9 /* Then in Frameworks */,
				03D288DA29CAF47600B292F3 /* FirebaseFirestore in Frameworks */,
				03D288DC29CAF47600B292F3 /* FirebaseFirestoreSwift in Frameworks */,
				03D288F029CB28DE00B292F3 /* Kingfisher in Frameworks */,
			);
			runOnlyForDeploymentPostprocessing = 0;
		};
/* End PBXFrameworksBuildPhase section */

/* Begin PBXGroup section */
		031D5BCF299A39B500E54F6D /* Authentication */ = {
			isa = PBXGroup;
			children = (
				03F386712994037B003416AA /* SignIn */,
				03F3867229940398003416AA /* SignUp */,
				03F3867529940933003416AA /* Welcome */,
			);
			path = Authentication;
			sourceTree = "<group>";
		};
		031D5BD0299A3FBC00E54F6D /* ViewController */ = {
			isa = PBXGroup;
			children = (
				032B57B929927FE8000678D9 /* SignInViewController.swift */,
			);
			path = ViewController;
			sourceTree = "<group>";
		};
		031D5BD1299A3FC700E54F6D /* View */ = {
			isa = PBXGroup;
			children = (
				032B57D929929D2B000678D9 /* SignInTextFieldView.swift */,
			);
			path = View;
			sourceTree = "<group>";
		};
		031D5BD2299A402200E54F6D /* Main */ = {
			isa = PBXGroup;
			children = (
				03B7D5D6299FAB1300D31B56 /* ProfileScene */,
				037E20E429B1018C005327CA /* FriendTab */,
				037E20E529B101A0005327CA /* ChatTab */,
				037E20E629B101A9005327CA /* SharpTab */,
				037E20E729B101B2005327CA /* ShopTab */,
				037E20E829B101B8005327CA /* SettingTab */,
			);
			path = Main;
			sourceTree = "<group>";
		};
		032B57A929927FE8000678D9 = {
			isa = PBXGroup;
			children = (
				032B57B429927FE8000678D9 /* Kakao-Clone */,
				032B57B329927FE8000678D9 /* Products */,
			);
			sourceTree = "<group>";
		};
		032B57B329927FE8000678D9 /* Products */ = {
			isa = PBXGroup;
			children = (
				032B57B229927FE8000678D9 /* Kakao-Clone.app */,
			);
			name = Products;
			sourceTree = "<group>";
		};
		032B57B429927FE8000678D9 /* Kakao-Clone */ = {
			isa = PBXGroup;
			children = (
				03D288E629CB014600B292F3 /* Test */,
				032B57C92992832B000678D9 /* Application */,
				037E210129B218C4005327CA /* Data */,
				032B57CA29928351000678D9 /* Presentation */,
				032B57D229928A46000678D9 /* Resource */,
				032B57D129928A2C000678D9 /* Util */,
				032B57D729929266000678D9 /* Main.storyboard */,
				03D288D129CAE63800B292F3 /* GoogleService-Info.plist */,
			);
			path = "Kakao-Clone";
			sourceTree = "<group>";
		};
		032B57C92992832B000678D9 /* Application */ = {
			isa = PBXGroup;
			children = (
				032B57B529927FE8000678D9 /* AppDelegate.swift */,
				032B57B729927FE8000678D9 /* SceneDelegate.swift */,
			);
			path = Application;
			sourceTree = "<group>";
		};
		032B57CA29928351000678D9 /* Presentation */ = {
			isa = PBXGroup;
			children = (
				031D5BCF299A39B500E54F6D /* Authentication */,
				031D5BD2299A402200E54F6D /* Main */,
				037E20E129B0FEF7005327CA /* TabBar */,
			);
			path = Presentation;
			sourceTree = "<group>";
		};
		032B57D129928A2C000678D9 /* Util */ = {
			isa = PBXGroup;
			children = (
				03A1C87E29A3A65500E8428B /* CustomClass */,
				032B57D429928A8D000678D9 /* Extension */,
				03B7D5D3299FA40C00D31B56 /* NameSpace */,
			);
			path = Util;
			sourceTree = "<group>";
		};
		032B57D229928A46000678D9 /* Resource */ = {
			isa = PBXGroup;
			children = (
				032B57D329928A78000678D9 /* AssetCatalog */,
				032B57C029927FE9000678D9 /* LaunchScreen.storyboard */,
			);
			path = Resource;
			sourceTree = "<group>";
		};
		032B57D329928A78000678D9 /* AssetCatalog */ = {
			isa = PBXGroup;
			children = (
				032B57BE29927FE9000678D9 /* Assets.xcassets */,
				03B7D5D1299FA30600D31B56 /* Image.xcassets */,
				03B7D5D8299FAEAC00D31B56 /* Color.xcassets */,
			);
			path = AssetCatalog;
			sourceTree = "<group>";
		};
		032B57D429928A8D000678D9 /* Extension */ = {
			isa = PBXGroup;
			children = (
				032B57D529928AA7000678D9 /* UIView +.swift */,
				037E20FB29B21681005327CA /* UICollectionView +.swift */,
				037E20FD29B21699005327CA /* UITableView +.swift */,
				037E20FF29B21727005327CA /* NSObject +.swift */,
				036C0AC629B9EAF100BC6531 /* UITabBar +.swift */,
				03D288D629CAEE4700B292F3 /* Encodable +.swift */,
				03D288EC29CB267600B292F3 /* UIImageView +.swift */,
			);
			path = Extension;
			sourceTree = "<group>";
		};
		036C0AC829B9F15700BC6531 /* Album */ = {
			isa = PBXGroup;
			children = (
				0399FAD529BB551200B09048 /* ViewController */,
				0399FAD629BB551D00B09048 /* Cell */,
			);
			path = Album;
			sourceTree = "<group>";
		};
		037E20E129B0FEF7005327CA /* TabBar */ = {
			isa = PBXGroup;
			children = (
				037E20E229B0FF50005327CA /* KakaoTabbarController.swift */,
			);
			path = TabBar;
			sourceTree = "<group>";
		};
		037E20E429B1018C005327CA /* FriendTab */ = {
			isa = PBXGroup;
			children = (
				037E20F429B1FC8C005327CA /* View */,
				037E20E929B101DD005327CA /* ViewController */,
				037E20F829B208B6005327CA /* Cell */,
			);
			path = FriendTab;
			sourceTree = "<group>";
		};
		037E20E529B101A0005327CA /* ChatTab */ = {
			isa = PBXGroup;
			children = (
				037E210929B24C12005327CA /* View */,
				037E210A29B24C19005327CA /* ViewController */,
				037E210B29B24C20005327CA /* Cell */,
				036C0AC829B9F15700BC6531 /* Album */,
			);
			path = ChatTab;
			sourceTree = "<group>";
		};
		037E20E629B101A9005327CA /* SharpTab */ = {
			isa = PBXGroup;
			children = (
				037E20EC29B102E5005327CA /* SharpViewController.swift */,
			);
			path = SharpTab;
			sourceTree = "<group>";
		};
		037E20E729B101B2005327CA /* ShopTab */ = {
			isa = PBXGroup;
			children = (
				037E20EE29B102ED005327CA /* ShopViewController.swift */,
			);
			path = ShopTab;
			sourceTree = "<group>";
		};
		037E20E829B101B8005327CA /* SettingTab */ = {
			isa = PBXGroup;
			children = (
				037E20F029B102F7005327CA /* SettingViewController.swift */,
			);
			path = SettingTab;
			sourceTree = "<group>";
		};
		037E20E929B101DD005327CA /* ViewController */ = {
			isa = PBXGroup;
			children = (
				031D5BD3299A41FA00E54F6D /* FriendViewController.swift */,
			);
			path = ViewController;
			sourceTree = "<group>";
		};
		037E20F429B1FC8C005327CA /* View */ = {
			isa = PBXGroup;
			children = (
				037E210529B22872005327CA /* FriendHeaderView.swift */,
			);
			path = View;
			sourceTree = "<group>";
		};
		037E20F829B208B6005327CA /* Cell */ = {
			isa = PBXGroup;
			children = (
				037E20F929B208CD005327CA /* FriendTableViewCell.swift */,
			);
			path = Cell;
			sourceTree = "<group>";
		};
		037E210129B218C4005327CA /* Data */ = {
			isa = PBXGroup;
			children = (
				037E210329B21953005327CA /* FriendListModel.swift */,
				037E210729B24B29005327CA /* ChattingModel.swift */,
				0399FAD929BB577000B09048 /* AlbumModel.swift */,
			);
			path = Data;
			sourceTree = "<group>";
		};
		037E210929B24C12005327CA /* View */ = {
			isa = PBXGroup;
			children = (
				037E210E29B25199005327CA /* ChattingHeaderView.swift */,
			);
			path = View;
			sourceTree = "<group>";
		};
		037E210A29B24C19005327CA /* ViewController */ = {
			isa = PBXGroup;
			children = (
				037E20EA29B102DB005327CA /* ChattingViewController.swift */,
			);
			path = ViewController;
			sourceTree = "<group>";
		};
		037E210B29B24C20005327CA /* Cell */ = {
			isa = PBXGroup;
			children = (
				037E210C29B24C45005327CA /* ChattingTableViewCell.swift */,
			);
			path = Cell;
			sourceTree = "<group>";
		};
		0399FAD529BB551200B09048 /* ViewController */ = {
			isa = PBXGroup;
			children = (
				036C0AC929B9F19100BC6531 /* AlbumViewController.swift */,
			);
			path = ViewController;
			sourceTree = "<group>";
		};
		0399FAD629BB551D00B09048 /* Cell */ = {
			isa = PBXGroup;
			children = (
				0399FAD729BB553700B09048 /* AlbumCollectionViewCell.swift */,
			);
			path = Cell;
			sourceTree = "<group>";
		};
		03A1C87E29A3A65500E8428B /* CustomClass */ = {
			isa = PBXGroup;
			children = (
				03A1C87C29A3A09400E8428B /* ProfileButton.swift */,
			);
			path = CustomClass;
			sourceTree = "<group>";
		};
		03B7D5D3299FA40C00D31B56 /* NameSpace */ = {
			isa = PBXGroup;
			children = (
				03B7D5D4299FA43B00D31B56 /* Image.swift */,
				03B7D5DA299FB0B200D31B56 /* Color.swift */,
			);
			path = NameSpace;
			sourceTree = "<group>";
		};
		03B7D5D6299FAB1300D31B56 /* ProfileScene */ = {
			isa = PBXGroup;
			children = (
				03B7D5DC299FBABB00D31B56 /* ViewController */,
			);
			path = ProfileScene;
			sourceTree = "<group>";
		};
		03B7D5DC299FBABB00D31B56 /* ViewController */ = {
			isa = PBXGroup;
			children = (
				031D5BD5299A424100E54F6D /* MyProfileViewController.swift */,
			);
			path = ViewController;
			sourceTree = "<group>";
		};
		03D288E629CB014600B292F3 /* Test */ = {
			isa = PBXGroup;
			children = (
				03D288E029CAF54300B292F3 /* MyFirestore.swift */,
				03D288E429CB011A00B292F3 /* TestViewController.swift */,
				03D288E829CB033600B292F3 /* Message.swift */,
				03D288EA29CB046700B292F3 /* FirestoreError.swift */,
			);
			path = Test;
			sourceTree = "<group>";
		};
		03F386712994037B003416AA /* SignIn */ = {
			isa = PBXGroup;
			children = (
				031D5BD0299A3FBC00E54F6D /* ViewController */,
				031D5BD1299A3FC700E54F6D /* View */,
			);
			path = SignIn;
			sourceTree = "<group>";
		};
		03F3867229940398003416AA /* SignUp */ = {
			isa = PBXGroup;
			children = (
				03F38673299403DC003416AA /* SignUpViewController.swift */,
			);
			path = SignUp;
			sourceTree = "<group>";
		};
		03F3867529940933003416AA /* Welcome */ = {
			isa = PBXGroup;
			children = (
				03F386762994095E003416AA /* WelcomeViewController.swift */,
			);
			path = Welcome;
			sourceTree = "<group>";
		};
/* End PBXGroup section */

/* Begin PBXNativeTarget section */
		032B57B129927FE8000678D9 /* Kakao-Clone */ = {
			isa = PBXNativeTarget;
			buildConfigurationList = 032B57C629927FE9000678D9 /* Build configuration list for PBXNativeTarget "Kakao-Clone" */;
			buildPhases = (
				032B57AE29927FE8000678D9 /* Sources */,
				032B57AF29927FE8000678D9 /* Frameworks */,
				032B57B029927FE8000678D9 /* Resources */,
			);
			buildRules = (
			);
			dependencies = (
			);
			name = "Kakao-Clone";
			packageProductDependencies = (
				032B57CC29928386000678D9 /* SnapKit */,
				032B57CF299283A9000678D9 /* Then */,
				03D288D929CAF47600B292F3 /* FirebaseFirestore */,
				03D288DB29CAF47600B292F3 /* FirebaseFirestoreSwift */,
				03D288EF29CB28DE00B292F3 /* Kingfisher */,
			);
			productName = "Kakao-Clone";
			productReference = 032B57B229927FE8000678D9 /* Kakao-Clone.app */;
			productType = "com.apple.product-type.application";
		};
/* End PBXNativeTarget section */

/* Begin PBXProject section */
		032B57AA29927FE8000678D9 /* Project object */ = {
			isa = PBXProject;
			attributes = {
				BuildIndependentTargetsInParallel = 1;
				LastSwiftUpdateCheck = 1420;
				LastUpgradeCheck = 1420;
				TargetAttributes = {
					032B57B129927FE8000678D9 = {
						CreatedOnToolsVersion = 14.2;
					};
				};
			};
			buildConfigurationList = 032B57AD29927FE8000678D9 /* Build configuration list for PBXProject "Kakao-Clone" */;
			compatibilityVersion = "Xcode 14.0";
			developmentRegion = en;
			hasScannedForEncodings = 0;
			knownRegions = (
				en,
				Base,
			);
			mainGroup = 032B57A929927FE8000678D9;
			packageReferences = (
				032B57CB29928386000678D9 /* XCRemoteSwiftPackageReference "SnapKit" */,
				032B57CE299283A9000678D9 /* XCRemoteSwiftPackageReference "Then" */,
				03D288D829CAF47600B292F3 /* XCRemoteSwiftPackageReference "firebase-ios-sdk" */,
				03D288EE29CB28DE00B292F3 /* XCRemoteSwiftPackageReference "Kingfisher" */,
			);
			productRefGroup = 032B57B329927FE8000678D9 /* Products */;
			projectDirPath = "";
			projectRoot = "";
			targets = (
				032B57B129927FE8000678D9 /* Kakao-Clone */,
			);
		};
/* End PBXProject section */

/* Begin PBXResourcesBuildPhase section */
		032B57B029927FE8000678D9 /* Resources */ = {
			isa = PBXResourcesBuildPhase;
			buildActionMask = 2147483647;
			files = (
				032B57D829929266000678D9 /* Main.storyboard in Resources */,
				03B7D5D2299FA30600D31B56 /* Image.xcassets in Resources */,
				03B7D5D9299FAEAC00D31B56 /* Color.xcassets in Resources */,
				032B57C229927FE9000678D9 /* LaunchScreen.storyboard in Resources */,
				032B57BF29927FE9000678D9 /* Assets.xcassets in Resources */,
				03D288D229CAE63800B292F3 /* GoogleService-Info.plist in Resources */,
			);
			runOnlyForDeploymentPostprocessing = 0;
		};
/* End PBXResourcesBuildPhase section */

/* Begin PBXSourcesBuildPhase section */
		032B57AE29927FE8000678D9 /* Sources */ = {
			isa = PBXSourcesBuildPhase;
			buildActionMask = 2147483647;
			files = (
				03F38674299403DC003416AA /* SignUpViewController.swift in Sources */,
				0399FADA29BB577000B09048 /* AlbumModel.swift in Sources */,
				037E20ED29B102E5005327CA /* SharpViewController.swift in Sources */,
				03A1C87D29A3A09400E8428B /* ProfileButton.swift in Sources */,
				032B57BA29927FE8000678D9 /* SignInViewController.swift in Sources */,
				03D288E129CAF54300B292F3 /* MyFirestore.swift in Sources */,
				037E20EF29B102ED005327CA /* ShopViewController.swift in Sources */,
				037E210029B21727005327CA /* NSObject +.swift in Sources */,
				037E20FC29B21681005327CA /* UICollectionView +.swift in Sources */,
				037E20F129B102F7005327CA /* SettingViewController.swift in Sources */,
				03B7D5DB299FB0B200D31B56 /* Color.swift in Sources */,
				03D288E929CB033600B292F3 /* Message.swift in Sources */,
				037E20FA29B208CD005327CA /* FriendTableViewCell.swift in Sources */,
				037E20E329B0FF50005327CA /* KakaoTabbarController.swift in Sources */,
				03D288E529CB011A00B292F3 /* TestViewController.swift in Sources */,
				03D288D729CAEE4700B292F3 /* Encodable +.swift in Sources */,
				0399FAD829BB553700B09048 /* AlbumCollectionViewCell.swift in Sources */,
				032B57D629928AA7000678D9 /* UIView +.swift in Sources */,
				037E20EB29B102DB005327CA /* ChattingViewController.swift in Sources */,
				031D5BD6299A424100E54F6D /* MyProfileViewController.swift in Sources */,
				037E210629B22872005327CA /* FriendHeaderView.swift in Sources */,
				037E210829B24B29005327CA /* ChattingModel.swift in Sources */,
				032B57DA29929D2B000678D9 /* SignInTextFieldView.swift in Sources */,
				031D5BD4299A41FA00E54F6D /* FriendViewController.swift in Sources */,
				032B57B629927FE8000678D9 /* AppDelegate.swift in Sources */,
				03D288EB29CB046700B292F3 /* FirestoreError.swift in Sources */,
				037E210F29B25199005327CA /* ChattingHeaderView.swift in Sources */,
				036C0ACA29B9F19100BC6531 /* AlbumViewController.swift in Sources */,
				037E210D29B24C45005327CA /* ChattingTableViewCell.swift in Sources */,
				032B57B829927FE8000678D9 /* SceneDelegate.swift in Sources */,
				03F386772994095E003416AA /* WelcomeViewController.swift in Sources */,
				037E210429B21953005327CA /* FriendListModel.swift in Sources */,
				037E20FE29B21699005327CA /* UITableView +.swift in Sources */,
				03D288ED29CB267600B292F3 /* UIImageView +.swift in Sources */,
				03B7D5D5299FA43B00D31B56 /* Image.swift in Sources */,
				036C0AC729B9EAF100BC6531 /* UITabBar +.swift in Sources */,
			);
			runOnlyForDeploymentPostprocessing = 0;
		};
/* End PBXSourcesBuildPhase section */

/* Begin PBXVariantGroup section */
		032B57C029927FE9000678D9 /* LaunchScreen.storyboard */ = {
			isa = PBXVariantGroup;
			children = (
				032B57C129927FE9000678D9 /* Base */,
			);
			name = LaunchScreen.storyboard;
			sourceTree = "<group>";
		};
/* End PBXVariantGroup section */

/* Begin XCBuildConfiguration section */
		032B57C429927FE9000678D9 /* Debug */ = {
			isa = XCBuildConfiguration;
			buildSettings = {
				ALWAYS_SEARCH_USER_PATHS = NO;
				CLANG_ANALYZER_NONNULL = YES;
				CLANG_ANALYZER_NUMBER_OBJECT_CONVERSION = YES_AGGRESSIVE;
				CLANG_CXX_LANGUAGE_STANDARD = "gnu++20";
				CLANG_ENABLE_MODULES = YES;
				CLANG_ENABLE_OBJC_ARC = YES;
				CLANG_ENABLE_OBJC_WEAK = YES;
				CLANG_WARN_BLOCK_CAPTURE_AUTORELEASING = YES;
				CLANG_WARN_BOOL_CONVERSION = YES;
				CLANG_WARN_COMMA = YES;
				CLANG_WARN_CONSTANT_CONVERSION = YES;
				CLANG_WARN_DEPRECATED_OBJC_IMPLEMENTATIONS = YES;
				CLANG_WARN_DIRECT_OBJC_ISA_USAGE = YES_ERROR;
				CLANG_WARN_DOCUMENTATION_COMMENTS = YES;
				CLANG_WARN_EMPTY_BODY = YES;
				CLANG_WARN_ENUM_CONVERSION = YES;
				CLANG_WARN_INFINITE_RECURSION = YES;
				CLANG_WARN_INT_CONVERSION = YES;
				CLANG_WARN_NON_LITERAL_NULL_CONVERSION = YES;
				CLANG_WARN_OBJC_IMPLICIT_RETAIN_SELF = YES;
				CLANG_WARN_OBJC_LITERAL_CONVERSION = YES;
				CLANG_WARN_OBJC_ROOT_CLASS = YES_ERROR;
				CLANG_WARN_QUOTED_INCLUDE_IN_FRAMEWORK_HEADER = YES;
				CLANG_WARN_RANGE_LOOP_ANALYSIS = YES;
				CLANG_WARN_STRICT_PROTOTYPES = YES;
				CLANG_WARN_SUSPICIOUS_MOVE = YES;
				CLANG_WARN_UNGUARDED_AVAILABILITY = YES_AGGRESSIVE;
				CLANG_WARN_UNREACHABLE_CODE = YES;
				CLANG_WARN__DUPLICATE_METHOD_MATCH = YES;
				COPY_PHASE_STRIP = NO;
				DEBUG_INFORMATION_FORMAT = dwarf;
				ENABLE_STRICT_OBJC_MSGSEND = YES;
				ENABLE_TESTABILITY = YES;
				GCC_C_LANGUAGE_STANDARD = gnu11;
				GCC_DYNAMIC_NO_PIC = NO;
				GCC_NO_COMMON_BLOCKS = YES;
				GCC_OPTIMIZATION_LEVEL = 0;
				GCC_PREPROCESSOR_DEFINITIONS = (
					"DEBUG=1",
					"$(inherited)",
				);
				GCC_WARN_64_TO_32_BIT_CONVERSION = YES;
				GCC_WARN_ABOUT_RETURN_TYPE = YES_ERROR;
				GCC_WARN_UNDECLARED_SELECTOR = YES;
				GCC_WARN_UNINITIALIZED_AUTOS = YES_AGGRESSIVE;
				GCC_WARN_UNUSED_FUNCTION = YES;
				GCC_WARN_UNUSED_VARIABLE = YES;
				IPHONEOS_DEPLOYMENT_TARGET = 16.2;
				MTL_ENABLE_DEBUG_INFO = INCLUDE_SOURCE;
				MTL_FAST_MATH = YES;
				ONLY_ACTIVE_ARCH = YES;
				SDKROOT = iphoneos;
				SWIFT_ACTIVE_COMPILATION_CONDITIONS = DEBUG;
				SWIFT_OPTIMIZATION_LEVEL = "-Onone";
			};
			name = Debug;
		};
		032B57C529927FE9000678D9 /* Release */ = {
			isa = XCBuildConfiguration;
			buildSettings = {
				ALWAYS_SEARCH_USER_PATHS = NO;
				CLANG_ANALYZER_NONNULL = YES;
				CLANG_ANALYZER_NUMBER_OBJECT_CONVERSION = YES_AGGRESSIVE;
				CLANG_CXX_LANGUAGE_STANDARD = "gnu++20";
				CLANG_ENABLE_MODULES = YES;
				CLANG_ENABLE_OBJC_ARC = YES;
				CLANG_ENABLE_OBJC_WEAK = YES;
				CLANG_WARN_BLOCK_CAPTURE_AUTORELEASING = YES;
				CLANG_WARN_BOOL_CONVERSION = YES;
				CLANG_WARN_COMMA = YES;
				CLANG_WARN_CONSTANT_CONVERSION = YES;
				CLANG_WARN_DEPRECATED_OBJC_IMPLEMENTATIONS = YES;
				CLANG_WARN_DIRECT_OBJC_ISA_USAGE = YES_ERROR;
				CLANG_WARN_DOCUMENTATION_COMMENTS = YES;
				CLANG_WARN_EMPTY_BODY = YES;
				CLANG_WARN_ENUM_CONVERSION = YES;
				CLANG_WARN_INFINITE_RECURSION = YES;
				CLANG_WARN_INT_CONVERSION = YES;
				CLANG_WARN_NON_LITERAL_NULL_CONVERSION = YES;
				CLANG_WARN_OBJC_IMPLICIT_RETAIN_SELF = YES;
				CLANG_WARN_OBJC_LITERAL_CONVERSION = YES;
				CLANG_WARN_OBJC_ROOT_CLASS = YES_ERROR;
				CLANG_WARN_QUOTED_INCLUDE_IN_FRAMEWORK_HEADER = YES;
				CLANG_WARN_RANGE_LOOP_ANALYSIS = YES;
				CLANG_WARN_STRICT_PROTOTYPES = YES;
				CLANG_WARN_SUSPICIOUS_MOVE = YES;
				CLANG_WARN_UNGUARDED_AVAILABILITY = YES_AGGRESSIVE;
				CLANG_WARN_UNREACHABLE_CODE = YES;
				CLANG_WARN__DUPLICATE_METHOD_MATCH = YES;
				COPY_PHASE_STRIP = NO;
				DEBUG_INFORMATION_FORMAT = "dwarf-with-dsym";
				ENABLE_NS_ASSERTIONS = NO;
				ENABLE_STRICT_OBJC_MSGSEND = YES;
				GCC_C_LANGUAGE_STANDARD = gnu11;
				GCC_NO_COMMON_BLOCKS = YES;
				GCC_WARN_64_TO_32_BIT_CONVERSION = YES;
				GCC_WARN_ABOUT_RETURN_TYPE = YES_ERROR;
				GCC_WARN_UNDECLARED_SELECTOR = YES;
				GCC_WARN_UNINITIALIZED_AUTOS = YES_AGGRESSIVE;
				GCC_WARN_UNUSED_FUNCTION = YES;
				GCC_WARN_UNUSED_VARIABLE = YES;
				IPHONEOS_DEPLOYMENT_TARGET = 16.2;
				MTL_ENABLE_DEBUG_INFO = NO;
				MTL_FAST_MATH = YES;
				SDKROOT = iphoneos;
				SWIFT_COMPILATION_MODE = wholemodule;
				SWIFT_OPTIMIZATION_LEVEL = "-O";
				VALIDATE_PRODUCT = YES;
			};
			name = Release;
		};
		032B57C729927FE9000678D9 /* Debug */ = {
			isa = XCBuildConfiguration;
			buildSettings = {
				ASSETCATALOG_COMPILER_APPICON_NAME = AppIcon;
				ASSETCATALOG_COMPILER_GLOBAL_ACCENT_COLOR_NAME = AccentColor;
				CODE_SIGN_STYLE = Automatic;
				CURRENT_PROJECT_VERSION = 1;
				DEVELOPMENT_TEAM = DGT9BQA4KH;
				GENERATE_INFOPLIST_FILE = YES;
				INFOPLIST_FILE = "Kakao-Clone/Info.plist";
				INFOPLIST_KEY_UIApplicationSupportsIndirectInputEvents = YES;
				INFOPLIST_KEY_UILaunchStoryboardName = LaunchScreen;
				INFOPLIST_KEY_UIMainStoryboardFile = Main;
				INFOPLIST_KEY_UIStatusBarStyle = "";
				INFOPLIST_KEY_UISupportedInterfaceOrientations_iPad = "UIInterfaceOrientationPortrait UIInterfaceOrientationPortraitUpsideDown UIInterfaceOrientationLandscapeLeft UIInterfaceOrientationLandscapeRight";
				INFOPLIST_KEY_UISupportedInterfaceOrientations_iPhone = "UIInterfaceOrientationPortrait UIInterfaceOrientationLandscapeLeft UIInterfaceOrientationLandscapeRight";
				LD_RUNPATH_SEARCH_PATHS = (
					"$(inherited)",
					"@executable_path/Frameworks",
				);
				MARKETING_VERSION = 1.0;
				PRODUCT_BUNDLE_IDENTIFIER = "kwonjeong.Kakao-Clone";
				PRODUCT_NAME = "$(TARGET_NAME)";
				SWIFT_EMIT_LOC_STRINGS = YES;
				SWIFT_VERSION = 5.0;
				TARGETED_DEVICE_FAMILY = "1,2";
			};
			name = Debug;
		};
		032B57C829927FE9000678D9 /* Release */ = {
			isa = XCBuildConfiguration;
			buildSettings = {
				ASSETCATALOG_COMPILER_APPICON_NAME = AppIcon;
				ASSETCATALOG_COMPILER_GLOBAL_ACCENT_COLOR_NAME = AccentColor;
				CODE_SIGN_STYLE = Automatic;
				CURRENT_PROJECT_VERSION = 1;
				DEVELOPMENT_TEAM = DGT9BQA4KH;
				GENERATE_INFOPLIST_FILE = YES;
				INFOPLIST_FILE = "Kakao-Clone/Info.plist";
				INFOPLIST_KEY_UIApplicationSupportsIndirectInputEvents = YES;
				INFOPLIST_KEY_UILaunchStoryboardName = LaunchScreen;
				INFOPLIST_KEY_UIMainStoryboardFile = Main;
				INFOPLIST_KEY_UIStatusBarStyle = "";
				INFOPLIST_KEY_UISupportedInterfaceOrientations_iPad = "UIInterfaceOrientationPortrait UIInterfaceOrientationPortraitUpsideDown UIInterfaceOrientationLandscapeLeft UIInterfaceOrientationLandscapeRight";
				INFOPLIST_KEY_UISupportedInterfaceOrientations_iPhone = "UIInterfaceOrientationPortrait UIInterfaceOrientationLandscapeLeft UIInterfaceOrientationLandscapeRight";
				LD_RUNPATH_SEARCH_PATHS = (
					"$(inherited)",
					"@executable_path/Frameworks",
				);
				MARKETING_VERSION = 1.0;
				PRODUCT_BUNDLE_IDENTIFIER = "kwonjeong.Kakao-Clone";
				PRODUCT_NAME = "$(TARGET_NAME)";
				SWIFT_EMIT_LOC_STRINGS = YES;
				SWIFT_VERSION = 5.0;
				TARGETED_DEVICE_FAMILY = "1,2";
			};
			name = Release;
		};
/* End XCBuildConfiguration section */

/* Begin XCConfigurationList section */
		032B57AD29927FE8000678D9 /* Build configuration list for PBXProject "Kakao-Clone" */ = {
			isa = XCConfigurationList;
			buildConfigurations = (
				032B57C429927FE9000678D9 /* Debug */,
				032B57C529927FE9000678D9 /* Release */,
			);
			defaultConfigurationIsVisible = 0;
			defaultConfigurationName = Release;
		};
		032B57C629927FE9000678D9 /* Build configuration list for PBXNativeTarget "Kakao-Clone" */ = {
			isa = XCConfigurationList;
			buildConfigurations = (
				032B57C729927FE9000678D9 /* Debug */,
				032B57C829927FE9000678D9 /* Release */,
			);
			defaultConfigurationIsVisible = 0;
			defaultConfigurationName = Release;
		};
/* End XCConfigurationList section */

/* Begin XCRemoteSwiftPackageReference section */
		032B57CB29928386000678D9 /* XCRemoteSwiftPackageReference "SnapKit" */ = {
			isa = XCRemoteSwiftPackageReference;
			repositoryURL = "https://github.com/SnapKit/SnapKit";
			requirement = {
				branch = develop;
				kind = branch;
			};
		};
		032B57CE299283A9000678D9 /* XCRemoteSwiftPackageReference "Then" */ = {
			isa = XCRemoteSwiftPackageReference;
			repositoryURL = "https://github.com/devxoul/Then";
			requirement = {
				branch = master;
				kind = branch;
			};
		};
		03D288D829CAF47600B292F3 /* XCRemoteSwiftPackageReference "firebase-ios-sdk" */ = {
			isa = XCRemoteSwiftPackageReference;
			repositoryURL = "https://github.com/firebase/firebase-ios-sdk";
			requirement = {
				branch = master;
				kind = branch;
			};
		};
		03D288EE29CB28DE00B292F3 /* XCRemoteSwiftPackageReference "Kingfisher" */ = {
			isa = XCRemoteSwiftPackageReference;
			repositoryURL = "https://github.com/onevcat/Kingfisher";
			requirement = {
				branch = master;
				kind = branch;
			};
		};
/* End XCRemoteSwiftPackageReference section */

/* Begin XCSwiftPackageProductDependency section */
		032B57CC29928386000678D9 /* SnapKit */ = {
			isa = XCSwiftPackageProductDependency;
			package = 032B57CB29928386000678D9 /* XCRemoteSwiftPackageReference "SnapKit" */;
			productName = SnapKit;
		};
		032B57CF299283A9000678D9 /* Then */ = {
			isa = XCSwiftPackageProductDependency;
			package = 032B57CE299283A9000678D9 /* XCRemoteSwiftPackageReference "Then" */;
			productName = Then;
		};
		03D288D929CAF47600B292F3 /* FirebaseFirestore */ = {
			isa = XCSwiftPackageProductDependency;
			package = 03D288D829CAF47600B292F3 /* XCRemoteSwiftPackageReference "firebase-ios-sdk" */;
			productName = FirebaseFirestore;
		};
		03D288DB29CAF47600B292F3 /* FirebaseFirestoreSwift */ = {
			isa = XCSwiftPackageProductDependency;
			package = 03D288D829CAF47600B292F3 /* XCRemoteSwiftPackageReference "firebase-ios-sdk" */;
			productName = FirebaseFirestoreSwift;
		};
		03D288EF29CB28DE00B292F3 /* Kingfisher */ = {
			isa = XCSwiftPackageProductDependency;
			package = 03D288EE29CB28DE00B292F3 /* XCRemoteSwiftPackageReference "Kingfisher" */;
			productName = Kingfisher;
		};
/* End XCSwiftPackageProductDependency section */
	};
	rootObject = 032B57AA29927FE8000678D9 /* Project object */;
}
